
Microsoft Visual Studio Solution File, Format Version 12.00
# Visual Studio Version 17
VisualStudioVersion = 17.2.32630.192
MinimumVisualStudioVersion = 10.0.40219.1
Project("{9A19103F-16F7-4668-BE54-9A1E7A4F7556}") = "EF_PD123", "EF_PD123\EF_PD123.csproj", "{7EDC7A05-4B5F-4271-B71B-62A2258AE470}"
EndProject
Project("{FAE04EC0-301F-11D3-BF4B-00C04F79EFBC}") = "WinFormsShop", "WinFormsShop\WinFormsShop.csproj", "{93B59D5E-2913-4F9F-9B3F-D9725695A22B}"
EndProject
Global
	GlobalSection(SolutionConfigurationPlatforms) = preSolution
		Debug|Any CPU = Debug|Any CPU
		Release|Any CPU = Release|Any CPU
	EndGlobalSection
	GlobalSection(ProjectConfigurationPlatforms) = postSolution
		{7EDC7A05-4B5F-4271-B71B-62A2258AE470}.Debug|Any CPU.ActiveCfg = Debug|Any CPU
		{7EDC7A05-4B5F-4271-B71B-62A2258AE470}.Debug|Any CPU.Build.0 = Debug|Any CPU
		{7EDC7A05-4B5F-4271-B71B-62A2258AE470}.Release|Any CPU.ActiveCfg = Release|Any CPU
		{7EDC7A05-4B5F-4271-B71B-62A2258AE470}.Release|Any CPU.Build.0 = Release|Any CPU
		{93B59D5E-2913-4F9F-9B3F-D9725695A22B}.Debug|Any CPU.ActiveCfg = Debug|Any CPU
		{93B59D5E-2913-4F9F-9B3F-D9725695A22B}.Debug|Any CPU.Build.0 = Debug|Any CPU
		{93B59D5E-2913-4F9F-9B3F-D9725695A22B}.Release|Any CPU.ActiveCfg = Release|Any CPU
		{93B59D5E-2913-4F9F-9B3F-D9725695A22B}.Release|Any CPU.Build.0 = Release|Any CPU
	EndGlobalSection
	GlobalSection(SolutionProperties) = preSolution
		HideSolutionNode = FALSE
	EndGlobalSection
	GlobalSection(ExtensibilityGlobals) = postSolution
		SolutionGuid = {78D2439F-0B66-4FE4-8412-7D08DCF1A1B7}
	EndGlobalSection
EndGlobal
